// !$*UTF8*$!
{
	archiveVersion = 1;
	classes = {
	};
	objectVersion = 46;
	objects = {

/* Begin PBXBuildFile section */
		09A9557E1E8255B3004D833D /* AppDelegate.swift in Sources */ = {isa = PBXBuildFile; fileRef = 09A9557D1E8255B3004D833D /* AppDelegate.swift */; };
		09A955801E8255B3004D833D /* ViewController.swift in Sources */ = {isa = PBXBuildFile; fileRef = 09A9557F1E8255B3004D833D /* ViewController.swift */; };
		09A955831E8255B3004D833D /* Main.storyboard in Resources */ = {isa = PBXBuildFile; fileRef = 09A955811E8255B3004D833D /* Main.storyboard */; };
		09A955851E8255B3004D833D /* Assets.xcassets in Resources */ = {isa = PBXBuildFile; fileRef = 09A955841E8255B3004D833D /* Assets.xcassets */; };
		09A955881E8255B3004D833D /* LaunchScreen.storyboard in Resources */ = {isa = PBXBuildFile; fileRef = 09A955861E8255B3004D833D /* LaunchScreen.storyboard */; };
		09A955931E8255B3004D833D /* LFDemoSnapTests.swift in Sources */ = {isa = PBXBuildFile; fileRef = 09A955921E8255B3004D833D /* LFDemoSnapTests.swift */; };
		09A9559E1E8255B3004D833D /* LFDemoSnapUITests.swift in Sources */ = {isa = PBXBuildFile; fileRef = 09A9559D1E8255B3004D833D /* LFDemoSnapUITests.swift */; };
		09A9562E1E8296AA004D833D /* UUCell.swift in Sources */ = {isa = PBXBuildFile; fileRef = 09A9562D1E8296AA004D833D /* UUCell.swift */; };
		322F56709338CA8BBC1F0708 /* Pods_LFDemoSnap.framework in Frameworks */ = {isa = PBXBuildFile; fileRef = D8694998095B86C78909F604 /* Pods_LFDemoSnap.framework */; };
/* End PBXBuildFile section */

/* Begin PBXContainerItemProxy section */
		09A9558F1E8255B3004D833D /* PBXContainerItemProxy */ = {
			isa = PBXContainerItemProxy;
			containerPortal = 09A955721E8255B3004D833D /* Project object */;
			proxyType = 1;
			remoteGlobalIDString = 09A955791E8255B3004D833D;
			remoteInfo = LFDemoSnap;
		};
		09A9559A1E8255B3004D833D /* PBXContainerItemProxy */ = {
			isa = PBXContainerItemProxy;
			containerPortal = 09A955721E8255B3004D833D /* Project object */;
			proxyType = 1;
			remoteGlobalIDString = 09A955791E8255B3004D833D;
			remoteInfo = LFDemoSnap;
		};
/* End PBXContainerItemProxy section */

/* Begin PBXFileReference section */
		09A9557A1E8255B3004D833D /* LFDemoSnap.app */ = {isa = PBXFileReference; explicitFileType = wrapper.application; includeInIndex = 0; path = LFDemoSnap.app; sourceTree = BUILT_PRODUCTS_DIR; };
		09A9557D1E8255B3004D833D /* AppDelegate.swift */ = {isa = PBXFileReference; lastKnownFileType = sourcecode.swift; path = AppDelegate.swift; sourceTree = "<group>"; };
		09A9557F1E8255B3004D833D /* ViewController.swift */ = {isa = PBXFileReference; lastKnownFileType = sourcecode.swift; path = ViewController.swift; sourceTree = "<group>"; };
		09A955821E8255B3004D833D /* Base */ = {isa = PBXFileReference; lastKnownFileType = file.storyboard; name = Base; path = Base.lproj/Main.storyboard; sourceTree = "<group>"; };
		09A955841E8255B3004D833D /* Assets.xcassets */ = {isa = PBXFileReference; lastKnownFileType = folder.assetcatalog; path = Assets.xcassets; sourceTree = "<group>"; };
		09A955871E8255B3004D833D /* Base */ = {isa = PBXFileReference; lastKnownFileType = file.storyboard; name = Base; path = Base.lproj/LaunchScreen.storyboard; sourceTree = "<group>"; };
		09A955891E8255B3004D833D /* Info.plist */ = {isa = PBXFileReference; lastKnownFileType = text.plist.xml; path = Info.plist; sourceTree = "<group>"; };
		09A9558E1E8255B3004D833D /* LFDemoSnapTests.xctest */ = {isa = PBXFileReference; explicitFileType = wrapper.cfbundle; includeInIndex = 0; path = LFDemoSnapTests.xctest; sourceTree = BUILT_PRODUCTS_DIR; };
		09A955921E8255B3004D833D /* LFDemoSnapTests.swift */ = {isa = PBXFileReference; lastKnownFileType = sourcecode.swift; path = LFDemoSnapTests.swift; sourceTree = "<group>"; };
		09A955941E8255B3004D833D /* Info.plist */ = {isa = PBXFileReference; lastKnownFileType = text.plist.xml; path = Info.plist; sourceTree = "<group>"; };
		09A955991E8255B3004D833D /* LFDemoSnapUITests.xctest */ = {isa = PBXFileReference; explicitFileType = wrapper.cfbundle; includeInIndex = 0; path = LFDemoSnapUITests.xctest; sourceTree = BUILT_PRODUCTS_DIR; };
		09A9559D1E8255B3004D833D /* LFDemoSnapUITests.swift */ = {isa = PBXFileReference; lastKnownFileType = sourcecode.swift; path = LFDemoSnapUITests.swift; sourceTree = "<group>"; };
		09A9559F1E8255B3004D833D /* Info.plist */ = {isa = PBXFileReference; lastKnownFileType = text.plist.xml; path = Info.plist; sourceTree = "<group>"; };
		09A9562D1E8296AA004D833D /* UUCell.swift */ = {isa = PBXFileReference; fileEncoding = 4; lastKnownFileType = sourcecode.swift; path = UUCell.swift; sourceTree = "<group>"; };
		878542EB8FB631BE16EBA2A6 /* Pods-LFDemoSnap.debug.xcconfig */ = {isa = PBXFileReference; includeInIndex = 1; lastKnownFileType = text.xcconfig; name = "Pods-LFDemoSnap.debug.xcconfig"; path = "Pods/Target Support Files/Pods-LFDemoSnap/Pods-LFDemoSnap.debug.xcconfig"; sourceTree = "<group>"; };
		D8694998095B86C78909F604 /* Pods_LFDemoSnap.framework */ = {isa = PBXFileReference; explicitFileType = wrapper.framework; includeInIndex = 0; path = Pods_LFDemoSnap.framework; sourceTree = BUILT_PRODUCTS_DIR; };
		EB4BC3014445AF3AD4492E48 /* Pods-LFDemoSnap.release.xcconfig */ = {isa = PBXFileReference; includeInIndex = 1; lastKnownFileType = text.xcconfig; name = "Pods-LFDemoSnap.release.xcconfig"; path = "Pods/Target Support Files/Pods-LFDemoSnap/Pods-LFDemoSnap.release.xcconfig"; sourceTree = "<group>"; };
/* End PBXFileReference section */

/* Begin PBXFrameworksBuildPhase section */
		09A955771E8255B3004D833D /* Frameworks */ = {
			isa = PBXFrameworksBuildPhase;
			buildActionMask = 2147483647;
			files = (
				322F56709338CA8BBC1F0708 /* Pods_LFDemoSnap.framework in Frameworks */,
			);
			runOnlyForDeploymentPostprocessing = 0;
		};
		09A9558B1E8255B3004D833D /* Frameworks */ = {
			isa = PBXFrameworksBuildPhase;
			buildActionMask = 2147483647;
			files = (
			);
			runOnlyForDeploymentPostprocessing = 0;
		};
		09A955961E8255B3004D833D /* Frameworks */ = {
			isa = PBXFrameworksBuildPhase;
			buildActionMask = 2147483647;
			files = (
			);
			runOnlyForDeploymentPostprocessing = 0;
		};
/* End PBXFrameworksBuildPhase section */

/* Begin PBXGroup section */
		09A955711E8255B3004D833D = {
			isa = PBXGroup;
			children = (
				09A9557C1E8255B3004D833D /* LFDemoSnap */,
				09A955911E8255B3004D833D /* LFDemoSnapTests */,
				09A9559C1E8255B3004D833D /* LFDemoSnapUITests */,
				09A9557B1E8255B3004D833D /* Products */,
				8E1022887ABA4C332CC9AB3F /* Pods */,
				280DB823F6F357FB3CE7779C /* Frameworks */,
			);
			sourceTree = "<group>";
		};
		09A9557B1E8255B3004D833D /* Products */ = {
			isa = PBXGroup;
			children = (
				09A9557A1E8255B3004D833D /* LFDemoSnap.app */,
				09A9558E1E8255B3004D833D /* LFDemoSnapTests.xctest */,
				09A955991E8255B3004D833D /* LFDemoSnapUITests.xctest */,
			);
			name = Products;
			sourceTree = "<group>";
		};
		09A9557C1E8255B3004D833D /* LFDemoSnap */ = {
			isa = PBXGroup;
			children = (
				09A9557D1E8255B3004D833D /* AppDelegate.swift */,
				09A9557F1E8255B3004D833D /* ViewController.swift */,
				09A9562D1E8296AA004D833D /* UUCell.swift */,
				09A955811E8255B3004D833D /* Main.storyboard */,
				09A955841E8255B3004D833D /* Assets.xcassets */,
				09A955861E8255B3004D833D /* LaunchScreen.storyboard */,
				09A955891E8255B3004D833D /* Info.plist */,
			);
			path = LFDemoSnap;
			sourceTree = "<group>";
		};
		09A955911E8255B3004D833D /* LFDemoSnapTests */ = {
			isa = PBXGroup;
			children = (
				09A955921E8255B3004D833D /* LFDemoSnapTests.swift */,
				09A955941E8255B3004D833D /* Info.plist */,
			);
			path = LFDemoSnapTests;
			sourceTree = "<group>";
		};
		09A9559C1E8255B3004D833D /* LFDemoSnapUITests */ = {
			isa = PBXGroup;
			children = (
				09A9559D1E8255B3004D833D /* LFDemoSnapUITests.swift */,
				09A9559F1E8255B3004D833D /* Info.plist */,
			);
			path = LFDemoSnapUITests;
			sourceTree = "<group>";
		};
		280DB823F6F357FB3CE7779C /* Frameworks */ = {
			isa = PBXGroup;
			children = (
				D8694998095B86C78909F604 /* Pods_LFDemoSnap.framework */,
			);
			name = Frameworks;
			sourceTree = "<group>";
		};
		8E1022887ABA4C332CC9AB3F /* Pods */ = {
			isa = PBXGroup;
			children = (
				878542EB8FB631BE16EBA2A6 /* Pods-LFDemoSnap.debug.xcconfig */,
				EB4BC3014445AF3AD4492E48 /* Pods-LFDemoSnap.release.xcconfig */,
			);
			name = Pods;
			sourceTree = "<group>";
		};
/* End PBXGroup section */

/* Begin PBXNativeTarget section */
		09A955791E8255B3004D833D /* LFDemoSnap */ = {
			isa = PBXNativeTarget;
			buildConfigurationList = 09A955A21E8255B3004D833D /* Build configuration list for PBXNativeTarget "LFDemoSnap" */;
			buildPhases = (
				3A44982E2A3779F4F3BF80F8 /* [CP] Check Pods Manifest.lock */,
				09A955761E8255B3004D833D /* Sources */,
				09A955771E8255B3004D833D /* Frameworks */,
				09A955781E8255B3004D833D /* Resources */,
				A76BF6B4AEB15F07DC3F08B3 /* [CP] Embed Pods Frameworks */,
				BCDB058828C3C45DCDB0105D /* [CP] Copy Pods Resources */,
			);
			buildRules = (
			);
			dependencies = (
			);
			name = LFDemoSnap;
			productName = LFDemoSnap;
			productReference = 09A9557A1E8255B3004D833D /* LFDemoSnap.app */;
			productType = "com.apple.product-type.application";
		};
		09A9558D1E8255B3004D833D /* LFDemoSnapTests */ = {
			isa = PBXNativeTarget;
			buildConfigurationList = 09A955A51E8255B3004D833D /* Build configuration list for PBXNativeTarget "LFDemoSnapTests" */;
			buildPhases = (
				09A9558A1E8255B3004D833D /* Sources */,
				09A9558B1E8255B3004D833D /* Frameworks */,
				09A9558C1E8255B3004D833D /* Resources */,
			);
			buildRules = (
			);
			dependencies = (
				09A955901E8255B3004D833D /* PBXTargetDependency */,
			);
			name = LFDemoSnapTests;
			productName = LFDemoSnapTests;
			productReference = 09A9558E1E8255B3004D833D /* LFDemoSnapTests.xctest */;
			productType = "com.apple.product-type.bundle.unit-test";
		};
		09A955981E8255B3004D833D /* LFDemoSnapUITests */ = {
			isa = PBXNativeTarget;
			buildConfigurationList = 09A955A81E8255B3004D833D /* Build configuration list for PBXNativeTarget "LFDemoSnapUITests" */;
			buildPhases = (
				09A955951E8255B3004D833D /* Sources */,
				09A955961E8255B3004D833D /* Frameworks */,
				09A955971E8255B3004D833D /* Resources */,
			);
			buildRules = (
			);
			dependencies = (
				09A9559B1E8255B3004D833D /* PBXTargetDependency */,
			);
			name = LFDemoSnapUITests;
			productName = LFDemoSnapUITests;
			productReference = 09A955991E8255B3004D833D /* LFDemoSnapUITests.xctest */;
			productType = "com.apple.product-type.bundle.ui-testing";
		};
/* End PBXNativeTarget section */

/* Begin PBXProject section */
		09A955721E8255B3004D833D /* Project object */ = {
			isa = PBXProject;
			attributes = {
				LastSwiftUpdateCheck = 0820;
				LastUpgradeCheck = 0820;
				ORGANIZATIONNAME = "吴林丰";
				TargetAttributes = {
					09A955791E8255B3004D833D = {
						CreatedOnToolsVersion = 8.2;
						ProvisioningStyle = Automatic;
					};
					09A9558D1E8255B3004D833D = {
						CreatedOnToolsVersion = 8.2;
						ProvisioningStyle = Automatic;
						TestTargetID = 09A955791E8255B3004D833D;
					};
					09A955981E8255B3004D833D = {
						CreatedOnToolsVersion = 8.2;
						ProvisioningStyle = Automatic;
						TestTargetID = 09A955791E8255B3004D833D;
					};
				};
			};
			buildConfigurationList = 09A955751E8255B3004D833D /* Build configuration list for PBXProject "LFDemoSnap" */;
			compatibilityVersion = "Xcode 3.2";
			developmentRegion = English;
			hasScannedForEncodings = 0;
			knownRegions = (
				en,
				Base,
			);
			mainGroup = 09A955711E8255B3004D833D;
			productRefGroup = 09A9557B1E8255B3004D833D /* Products */;
			projectDirPath = "";
			projectRoot = "";
			targets = (
				09A955791E8255B3004D833D /* LFDemoSnap */,
				09A9558D1E8255B3004D833D /* LFDemoSnapTests */,
				09A955981E8255B3004D833D /* LFDemoSnapUITests */,
			);
		};
/* End PBXProject section */

/* Begin PBXResourcesBuildPhase section */
		09A955781E8255B3004D833D /* Resources */ = {
			isa = PBXResourcesBuildPhase;
			buildActionMask = 2147483647;
			files = (
				09A955881E8255B3004D833D /* LaunchScreen.storyboard in Resources */,
				09A955851E8255B3004D833D /* Assets.xcassets in Resources */,
				09A955831E8255B3004D833D /* Main.storyboard in Resources */,
			);
			runOnlyForDeploymentPostprocessing = 0;
		};
		09A9558C1E8255B3004D833D /* Resources */ = {
			isa = PBXResourcesBuildPhase;
			buildActionMask = 2147483647;
			files = (
			);
			runOnlyForDeploymentPostprocessing = 0;
		};
		09A955971E8255B3004D833D /* Resources */ = {
			isa = PBXResourcesBuildPhase;
			buildActionMask = 2147483647;
			files = (
			);
			runOnlyForDeploymentPostprocessing = 0;
		};
/* End PBXResourcesBuildPhase section */

/* Begin PBXShellScriptBuildPhase section */
		3A44982E2A3779F4F3BF80F8 /* [CP] Check Pods Manifest.lock */ = {
			isa = PBXShellScriptBuildPhase;
			buildActionMask = 2147483647;
			files = (
			);
			inputPaths = (
			);
			name = "[CP] Check Pods Manifest.lock";
			outputPaths = (
			);
			runOnlyForDeploymentPostprocessing = 0;
			shellPath = /bin/sh;
			shellScript = "diff \"${PODS_PODFILE_DIR_PATH}/Podfile.lock\" \"${PODS_ROOT}/Manifest.lock\" > /dev/null\nif [ $? != 0 ] ; then\n    # print error to STDERR\n    echo \"error: The sandbox is not in sync with the Podfile.lock. Run 'pod install' or update your CocoaPods installation.\" >&2\n    exit 1\nfi\n";
			showEnvVarsInLog = 0;
		};
		A76BF6B4AEB15F07DC3F08B3 /* [CP] Embed Pods Frameworks */ = {
			isa = PBXShellScriptBuildPhase;
			buildActionMask = 2147483647;
			files = (
			);
			inputPaths = (
			);
			name = "[CP] Embed Pods Frameworks";
			outputPaths = (
			);
			runOnlyForDeploymentPostprocessing = 0;
			shellPath = /bin/sh;
			shellScript = "\"${SRCROOT}/Pods/Target Support Files/Pods-LFDemoSnap/Pods-LFDemoSnap-frameworks.sh\"\n";
			showEnvVarsInLog = 0;
		};
		BCDB058828C3C45DCDB0105D /* [CP] Copy Pods Resources */ = {
			isa = PBXShellScriptBuildPhase;
			buildActionMask = 2147483647;
			files = (
			);
			inputPaths = (
			);
			name = "[CP] Copy Pods Resources";
			outputPaths = (
			);
			runOnlyForDeploymentPostprocessing = 0;
			shellPath = /bin/sh;
			shellScript = "\"${SRCROOT}/Pods/Target Support Files/Pods-LFDemoSnap/Pods-LFDemoSnap-resources.sh\"\n";
			showEnvVarsInLog = 0;
		};
/* End PBXShellScriptBuildPhase section */

/* Begin PBXSourcesBuildPhase section */
		09A955761E8255B3004D833D /* Sources */ = {
			isa = PBXSourcesBuildPhase;
			buildActionMask = 2147483647;
			files = (
				09A955801E8255B3004D833D /* ViewController.swift in Sources */,
				09A9557E1E8255B3004D833D /* AppDelegate.swift in Sources */,
				09A9562E1E8296AA004D833D /* UUCell.swift in Sources */,
			);
			runOnlyForDeploymentPostprocessing = 0;
		};
		09A9558A1E8255B3004D833D /* Sources */ = {
			isa = PBXSourcesBuildPhase;
			buildActionMask = 2147483647;
			files = (
				09A955931E8255B3004D833D /* LFDemoSnapTests.swift in Sources */,
			);
			runOnlyForDeploymentPostprocessing = 0;
		};
		09A955951E8255B3004D833D /* Sources */ = {
			isa = PBXSourcesBuildPhase;
			buildActionMask = 2147483647;
			files = (
				09A9559E1E8255B3004D833D /* LFDemoSnapUITests.swift in Sources */,
			);
			runOnlyForDeploymentPostprocessing = 0;
		};
/* End PBXSourcesBuildPhase section */

/* Begin PBXTargetDependency section */
		09A955901E8255B3004D833D /* PBXTargetDependency */ = {
			isa = PBXTargetDependency;
			target = 09A955791E8255B3004D833D /* LFDemoSnap */;
			targetProxy = 09A9558F1E8255B3004D833D /* PBXContainerItemProxy */;
		};
		09A9559B1E8255B3004D833D /* PBXTargetDependency */ = {
			isa = PBXTargetDependency;
			target = 09A955791E8255B3004D833D /* LFDemoSnap */;
			targetProxy = 09A9559A1E8255B3004D833D /* PBXContainerItemProxy */;
		};
/* End PBXTargetDependency section */

/* Begin PBXVariantGroup section */
		09A955811E8255B3004D833D /* Main.storyboard */ = {
			isa = PBXVariantGroup;
			children = (
				09A955821E8255B3004D833D /* Base */,
			);
			name = Main.storyboard;
			sourceTree = "<group>";
		};
		09A955861E8255B3004D833D /* LaunchScreen.storyboard */ = {
			isa = PBXVariantGroup;
			children = (
				09A955871E8255B3004D833D /* Base */,
			);
			name = LaunchScreen.storyboard;
			sourceTree = "<group>";
		};
/* End PBXVariantGroup section */

/* Begin XCBuildConfiguration section */
		09A955A01E8255B3004D833D /* Debug */ = {
			isa = XCBuildConfiguration;
			buildSettings = {
				ALWAYS_SEARCH_USER_PATHS = NO;
				CLANG_ANALYZER_NONNULL = YES;
				CLANG_CXX_LANGUAGE_STANDARD = "gnu++0x";
				CLANG_CXX_LIBRARY = "libc++";
				CLANG_ENABLE_MODULES = YES;
				CLANG_ENABLE_OBJC_ARC = YES;
				CLANG_WARN_BOOL_CONVERSION = YES;
				CLANG_WARN_CONSTANT_CONVERSION = YES;
				CLANG_WARN_DIRECT_OBJC_ISA_USAGE = YES_ERROR;
				CLANG_WARN_DOCUMENTATION_COMMENTS = YES;
				CLANG_WARN_EMPTY_BODY = YES;
				CLANG_WARN_ENUM_CONVERSION = YES;
				CLANG_WARN_INFINITE_RECURSION = YES;
				CLANG_WARN_INT_CONVERSION = YES;
				CLANG_WARN_OBJC_ROOT_CLASS = YES_ERROR;
				CLANG_WARN_SUSPICIOUS_MOVE = YES;
				CLANG_WARN_UNREACHABLE_CODE = YES;
				CLANG_WARN__DUPLICATE_METHOD_MATCH = YES;
				"CODE_SIGN_IDENTITY[sdk=iphoneos*]" = "iPhone Developer";
				COPY_PHASE_STRIP = NO;
				DEBUG_INFORMATION_FORMAT = dwarf;
				ENABLE_STRICT_OBJC_MSGSEND = YES;
				ENABLE_TESTABILITY = YES;
				GCC_C_LANGUAGE_STANDARD = gnu99;
				GCC_DYNAMIC_NO_PIC = NO;
				GCC_NO_COMMON_BLOCKS = YES;
				GCC_OPTIMIZATION_LEVEL = 0;
				GCC_PREPROCESSOR_DEFINITIONS = (
					"DEBUG=1",
					"$(inherited)",
				);
				GCC_WARN_64_TO_32_BIT_CONVERSION = YES;
				GCC_WARN_ABOUT_RETURN_TYPE = YES_ERROR;
				GCC_WARN_UNDECLARED_SELECTOR = YES;
				GCC_WARN_UNINITIALIZED_AUTOS = YES_AGGRESSIVE;
				GCC_WARN_UNUSED_FUNCTION = YES;
				GCC_WARN_UNUSED_VARIABLE = YES;
				IPHONEOS_DEPLOYMENT_TARGET = 10.2;
				MTL_ENABLE_DEBUG_INFO = YES;
				ONLY_ACTIVE_ARCH = YES;
				SDKROOT = iphoneos;
				SWIFT_ACTIVE_COMPILATION_CONDITIONS = DEBUG;
				SWIFT_OPTIMIZATION_LEVEL = "-Onone";
				TARGETED_DEVICE_FAMILY = "1,2";
			};
			name = Debug;
		};
		09A955A11E8255B3004D833D /* Release */ = {
			isa = XCBuildConfiguration;
			buildSettings = {
				ALWAYS_SEARCH_USER_PATHS = NO;
				CLANG_ANALYZER_NONNULL = YES;
				CLANG_CXX_LANGUAGE_STANDARD = "gnu++0x";
				CLANG_CXX_LIBRARY = "libc++";
				CLANG_ENABLE_MODULES = YES;
				CLANG_ENABLE_OBJC_ARC = YES;
				CLANG_WARN_BOOL_CONVERSION = YES;
				CLANG_WARN_CONSTANT_CONVERSION = YES;
				CLANG_WARN_DIRECT_OBJC_ISA_USAGE = YES_ERROR;
				CLANG_WARN_DOCUMENTATION_COMMENTS = YES;
				CLANG_WARN_EMPTY_BODY = YES;
				CLANG_WARN_ENUM_CONVERSION = YES;
				CLANG_WARN_INFINITE_RECURSION = YES;
				CLANG_WARN_INT_CONVERSION = YES;
				CLANG_WARN_OBJC_ROOT_CLASS = YES_ERROR;
				CLANG_WARN_SUSPICIOUS_MOVE = YES;
				CLANG_WARN_UNREACHABLE_CODE = YES;
				CLANG_WARN__DUPLICATE_METHOD_MATCH = YES;
				"CODE_SIGN_IDENTITY[sdk=iphoneos*]" = "iPhone Developer";
				COPY_PHASE_STRIP = NO;
				DEBUG_INFORMATION_FORMAT = "dwarf-with-dsym";
				ENABLE_NS_ASSERTIONS = NO;
				ENABLE_STRICT_OBJC_MSGSEND = YES;
				GCC_C_LANGUAGE_STANDARD = gnu99;
				GCC_NO_COMMON_BLOCKS = YES;
				GCC_WARN_64_TO_32_BIT_CONVERSION = YES;
				GCC_WARN_ABOUT_RETURN_TYPE = YES_ERROR;
				GCC_WARN_UNDECLARED_SELECTOR = YES;
				GCC_WARN_UNINITIALIZED_AUTOS = YES_AGGRESSIVE;
				GCC_WARN_UNUSED_FUNCTION = YES;
				GCC_WARN_UNUSED_VARIABLE = YES;
				IPHONEOS_DEPLOYMENT_TARGET = 10.2;
				MTL_ENABLE_DEBUG_INFO = NO;
				SDKROOT = iphoneos;
				SWIFT_OPTIMIZATION_LEVEL = "-Owholemodule";
				TARGETED_DEVICE_FAMILY = "1,2";
				VALIDATE_PRODUCT = YES;
			};
			name = Release;
		};
		09A955A31E8255B3004D833D /* Debug */ = {
			isa = XCBuildConfiguration;
			baseConfigurationReference = 878542EB8FB631BE16EBA2A6 /* Pods-LFDemoSnap.debug.xcconfig */;
			buildSettings = {
				ASSETCATALOG_COMPILER_APPICON_NAME = AppIcon;
				INFOPLIST_FILE = LFDemoSnap/Info.plist;
				LD_RUNPATH_SEARCH_PATHS = "$(inherited) @executable_path/Frameworks";
				PRODUCT_BUNDLE_IDENTIFIER = main.LFDemoSnap;
				PRODUCT_NAME = "$(TARGET_NAME)";
				SWIFT_VERSION = 3.0;
			};
			name = Debug;
		};
		09A955A41E8255B3004D833D /* Release */ = {
			isa = XCBuildConfiguration;
			baseConfigurationReference = EB4BC3014445AF3AD4492E48 /* Pods-LFDemoSnap.release.xcconfig */;
			buildSettings = {
				ASSETCATALOG_COMPILER_APPICON_NAME = AppIcon;
				INFOPLIST_FILE = LFDemoSnap/Info.plist;
				LD_RUNPATH_SEARCH_PATHS = "$(inherited) @executable_path/Frameworks";
				PRODUCT_BUNDLE_IDENTIFIER = main.LFDemoSnap;
				PRODUCT_NAME = "$(TARGET_NAME)";
				SWIFT_VERSION = 3.0;
			};
			name = Release;
		};
		09A955A61E8255B3004D833D /* Debug */ = {
			isa = XCBuildConfiguration;
			buildSettings = {
				ALWAYS_EMBED_SWIFT_STANDARD_LIBRARIES = YES;
				BUNDLE_LOADER = "$(TEST_HOST)";
				INFOPLIST_FILE = LFDemoSnapTests/Info.plist;
				LD_RUNPATH_SEARCH_PATHS = "$(inherited) @executable_path/Frameworks @loader_path/Frameworks";
				PRODUCT_BUNDLE_IDENTIFIER = main.LFDemoSnapTests;
				PRODUCT_NAME = "$(TARGET_NAME)";
				SWIFT_VERSION = 3.0;
				TEST_HOST = "$(BUILT_PRODUCTS_DIR)/LFDemoSnap.app/LFDemoSnap";
			};
			name = Debug;
		};
		09A955A71E8255B3004D833D /* Release */ = {
			isa = XCBuildConfiguration;
			buildSettings = {
				ALWAYS_EMBED_SWIFT_STANDARD_LIBRARIES = YES;
				BUNDLE_LOADER = "$(TEST_HOST)";
				INFOPLIST_FILE = LFDemoSnapTests/Info.plist;
				LD_RUNPATH_SEARCH_PATHS = "$(inherited) @executable_path/Frameworks @loader_path/Frameworks";
				PRODUCT_BUNDLE_IDENTIFIER = main.LFDemoSnapTests;
				PRODUCT_NAME = "$(TARGET_NAME)";
				SWIFT_VERSION = 3.0;
				TEST_HOST = "$(BUILT_PRODUCTS_DIR)/LFDemoSnap.app/LFDemoSnap";
			};
			name = Release;
		};
		09A955A91E8255B3004D833D /* Debug */ = {
			isa = XCBuildConfiguration;
			buildSettings = {
				ALWAYS_EMBED_SWIFT_STANDARD_LIBRARIES = YES;
				INFOPLIST_FILE = LFDemoSnapUITests/Info.plist;
				LD_RUNPATH_SEARCH_PATHS = "$(inherited) @executable_path/Frameworks @loader_path/Frameworks";
				PRODUCT_BUNDLE_IDENTIFIER = main.LFDemoSnapUITests;
				PRODUCT_NAME = "$(TARGET_NAME)";
				SWIFT_VERSION = 3.0;
				TEST_TARGET_NAME = LFDemoSnap;
			};
			name = Debug;
		};
		09A955AA1E8255B3004D833D /* Release */ = {
			isa = XCBuildConfiguration;
			buildSettings = {
				ALWAYS_EMBED_SWIFT_STANDARD_LIBRARIES = YES;
				INFOPLIST_FILE = LFDemoSnapUITests/Info.plist;
				LD_RUNPATH_SEARCH_PATHS = "$(inherited) @executable_path/Frameworks @loader_path/Frameworks";
				PRODUCT_BUNDLE_IDENTIFIER = main.LFDemoSnapUITests;
				PRODUCT_NAME = "$(TARGET_NAME)";
				SWIFT_VERSION = 3.0;
				TEST_TARGET_NAME = LFDemoSnap;
			};
			name = Release;
		};
/* End XCBuildConfiguration section */

/* Begin XCConfigurationList section */
		09A955751E8255B3004D833D /* Build configuration list for PBXProject "LFDemoSnap" */ = {
			isa = XCConfigurationList;
			buildConfigurations = (
				09A955A01E8255B3004D833D /* Debug */,
				09A955A11E8255B3004D833D /* Release */,
			);
			defaultConfigurationIsVisible = 0;
			defaultConfigurationName = Release;
		};
		09A955A21E8255B3004D833D /* Build configuration list for PBXNativeTarget "LFDemoSnap" */ = {
			isa = XCConfigurationList;
			buildConfigurations = (
				09A955A31E8255B3004D833D /* Debug */,
				09A955A41E8255B3004D833D /* Release */,
			);
			defaultConfigurationIsVisible = 0;
			defaultConfigurationName = Release;
		};
		09A955A51E8255B3004D833D /* Build configuration list for PBXNativeTarget "LFDemoSnapTests" */ = {
			isa = XCConfigurationList;
			buildConfigurations = (
				09A955A61E8255B3004D833D /* Debug */,
				09A955A71E8255B3004D833D /* Release */,
			);
			defaultConfigurationIsVisible = 0;
			defaultConfigurationName = Release;
		};
		09A955A81E8255B3004D833D /* Build configuration list for PBXNativeTarget "LFDemoSnapUITests" */ = {
			isa = XCConfigurationList;
			buildConfigurations = (
				09A955A91E8255B3004D833D /* Debug */,
				09A955AA1E8255B3004D833D /* Release */,
			);
			defaultConfigurationIsVisible = 0;
			defaultConfigurationName = Release;
		};
/* End XCConfigurationList section */
	};
	rootObject = 09A955721E8255B3004D833D /* Project object */;
}
